
Microsoft Visual Studio Solution File, Format Version 12.00
# Visual Studio Version 16
VisualStudioVersion = 16.0.31410.357
MinimumVisualStudioVersion = 10.0.40219.1
Project("{FAE04EC0-301F-11D3-BF4B-00C04F79EFBC}") = "Practic11", "Practic11\Practic11.csproj", "{C73383EE-5F28-42C5-8A8B-9C521A79971A}"
EndProject
Global
	GlobalSection(SolutionConfigurationPlatforms) = preSolution
		Debug|Any CPU = Debug|Any CPU
		Release|Any CPU = Release|Any CPU
	EndGlobalSection
	GlobalSection(ProjectConfigurationPlatforms) = postSolution
		{C73383EE-5F28-42C5-8A8B-9C521A79971A}.Debug|Any CPU.ActiveCfg = Debug|Any CPU
		{C73383EE-5F28-42C5-8A8B-9C521A79971A}.Debug|Any CPU.Build.0 = Debug|Any CPU
		{C73383EE-5F28-42C5-8A8B-9C521A79971A}.Release|Any CPU.ActiveCfg = Release|Any CPU
		{C73383EE-5F28-42C5-8A8B-9C521A79971A}.Release|Any CPU.Build.0 = Release|Any CPU
	EndGlobalSection
	GlobalSection(SolutionProperties) = preSolution
		HideSolutionNode = FALSE
	EndGlobalSection
	GlobalSection(ExtensibilityGlobals) = postSolution
		SolutionGuid = {446FDC69-1403-45EE-961F-ACBFD33427E9}
	EndGlobalSection
EndGlobal
